DEPENDENCIES
  mysql
  nginx
  vim

GRAPH
  apt (2.3.8)
  bluepill (2.3.1)
    rsyslog (>= 0.0.0)
  build-essential (1.4.4)
  chef_handler (1.1.5)
  homebrew (1.5.4)
  mysql (4.1.2)
    build-essential (~> 1.4)
    homebrew (>= 0.0.0)
    openssl (~> 1.1)
    windows (>= 0.0.0)
  nginx (2.4.4)
    apt (~> 2.2)
    bluepill (~> 2.3)
    build-essential (~> 2.0)
    ohai (~> 1.1)
    runit (~> 1.2)
    yum-epel (~> 0.3)
  ohai (1.1.12)
  openssl (1.1.0)
  rsyslog (1.12.2)
  runit (1.5.10)
    build-essential (>= 0.0.0)
    yum (~> 3.0)
    yum-epel (>= 0.0.0)
  vim (1.1.2)
  windows (1.30.0)
    chef_handler (>= 0.0.0)
  yum (3.1.4)
  yum-epel (0.3.4)
    yum (~> 3.0)
